
Microsoft Visual Studio Solution File, Format Version 12.00
# Visual Studio 15
VisualStudioVersion = 15.0.27703.2047
MinimumVisualStudioVersion = 10.0.40219.1
Project("{9A19103F-16F7-4668-BE54-9A1E7A4F7556}") = "Self Help Open Source Editor Client", "Self Help Open Source Editor Client\Self Help Open Source Editor Client.csproj", "{A020BB87-92EC-462D-8658-912BBEBCCAF7}"
EndProject
Global
	GlobalSection(SolutionConfigurationPlatforms) = preSolution
		Debug|Any CPU = Debug|Any CPU
		Release|Any CPU = Release|Any CPU
	EndGlobalSection
	GlobalSection(ProjectConfigurationPlatforms) = postSolution
		{A020BB87-92EC-462D-8658-912BBEBCCAF7}.Debug|Any CPU.ActiveCfg = Debug|Any CPU
		{A020BB87-92EC-462D-8658-912BBEBCCAF7}.Debug|Any CPU.Build.0 = Debug|Any CPU
		{A020BB87-92EC-462D-8658-912BBEBCCAF7}.Release|Any CPU.ActiveCfg = Release|Any CPU
		{A020BB87-92EC-462D-8658-912BBEBCCAF7}.Release|Any CPU.Build.0 = Release|Any CPU
	EndGlobalSection
	GlobalSection(SolutionProperties) = preSolution
		HideSolutionNode = FALSE
	EndGlobalSection
	GlobalSection(ExtensibilityGlobals) = postSolution
		SolutionGuid = {D30069A0-F88E-46CB-891E-2EAC50C02CB0}
	EndGlobalSection
EndGlobal
